
Microsoft Visual Studio Solution File, Format Version 12.00
# Visual Studio Version 17
VisualStudioVersion = 17.5.002.0
MinimumVisualStudioVersion = 10.0.40219.1
Project("{9A19103F-16F7-4668-BE54-9A1E7A4F7556}") = "Checkout.API", "Checkout.API.csproj", "{648A2EEE-423C-47BB-909C-E0D2D21CAB25}"
EndProject
Global
	GlobalSection(SolutionConfigurationPlatforms) = preSolution
		Debug|Any CPU = Debug|Any CPU
		Release|Any CPU = Release|Any CPU
	EndGlobalSection
	GlobalSection(ProjectConfigurationPlatforms) = postSolution
		{648A2EEE-423C-47BB-909C-E0D2D21CAB25}.Debug|Any CPU.ActiveCfg = Debug|Any CPU
		{648A2EEE-423C-47BB-909C-E0D2D21CAB25}.Debug|Any CPU.Build.0 = Debug|Any CPU
		{648A2EEE-423C-47BB-909C-E0D2D21CAB25}.Release|Any CPU.ActiveCfg = Release|Any CPU
		{648A2EEE-423C-47BB-909C-E0D2D21CAB25}.Release|Any CPU.Build.0 = Release|Any CPU
	EndGlobalSection
	GlobalSection(SolutionProperties) = preSolution
		HideSolutionNode = FALSE
	EndGlobalSection
	GlobalSection(ExtensibilityGlobals) = postSolution
		SolutionGuid = {F9FD433C-314B-4043-9248-C1EA0C0AF45B}
	EndGlobalSection
EndGlobal
